
Microsoft Visual Studio Solution File, Format Version 12.00
# Visual Studio Version 16
VisualStudioVersion = 16.0.29318.209
MinimumVisualStudioVersion = 10.0.40219.1
Project("{9A19103F-16F7-4668-BE54-9A1E7A4F7556}") = "TestCompany.CarRental.WebAPI", "TestCompany.CarRental\TestCompany.CarRental.WebAPI.csproj", "{7F1356BB-9864-4909-98A9-A7581CA70FC7}"
EndProject
Project("{2150E333-8FDC-42A3-9474-1A3956D46DE8}") = "1.- Presentation Layer", "1.- Presentation Layer", "{B24F2EC6-54AB-43C3-88A7-C1455E9A3682}"
EndProject
Project("{2150E333-8FDC-42A3-9474-1A3956D46DE8}") = "2.- Domain Layer", "2.- Domain Layer", "{6A71682D-00F0-4C7A-9F03-D79C7AE47788}"
EndProject
Project("{2150E333-8FDC-42A3-9474-1A3956D46DE8}") = "3.- Infrastructure Layer", "3.- Infrastructure Layer", "{028909F2-8621-499A-A861-D176179F94DE}"
EndProject
Project("{9A19103F-16F7-4668-BE54-9A1E7A4F7556}") = "TestCompany.CarRental.Domain", "TestCompany.CarRental.Domain\TestCompany.CarRental.Domain.csproj", "{29D4813F-3898-40AA-8868-CEF5B967D685}"
EndProject
Project("{9A19103F-16F7-4668-BE54-9A1E7A4F7556}") = "TestCompany.CarRental.Infrastructure", "TestCompany.CarRental.Infrastructure\TestCompany.CarRental.Infrastructure.csproj", "{DE8531E2-A246-47A3-99D7-6F664DF061C5}"
EndProject
Project("{FAE04EC0-301F-11D3-BF4B-00C04F79EFBC}") = "TestCompany.CarRental.WebAPI.IntegrationTests", "TestCompany.CarRental.WebAPI.IntegrationTests\TestCompany.CarRental.WebAPI.IntegrationTests.csproj", "{0289E895-B13E-4782-A2F9-07603ED591BC}"
EndProject
Project("{FAE04EC0-301F-11D3-BF4B-00C04F79EFBC}") = "TestCompany.CarRental.WebAPI.Contracts", "TestCompany.CarRental.WebAPI.Contracts\TestCompany.CarRental.WebAPI.Contracts.csproj", "{4FF139D2-469A-4C6A-9331-A923D4946FF9}"
EndProject
Global
	GlobalSection(SolutionConfigurationPlatforms) = preSolution
		Debug|Any CPU = Debug|Any CPU
		Release|Any CPU = Release|Any CPU
	EndGlobalSection
	GlobalSection(ProjectConfigurationPlatforms) = postSolution
		{7F1356BB-9864-4909-98A9-A7581CA70FC7}.Debug|Any CPU.ActiveCfg = Debug|Any CPU
		{7F1356BB-9864-4909-98A9-A7581CA70FC7}.Debug|Any CPU.Build.0 = Debug|Any CPU
		{7F1356BB-9864-4909-98A9-A7581CA70FC7}.Release|Any CPU.ActiveCfg = Release|Any CPU
		{7F1356BB-9864-4909-98A9-A7581CA70FC7}.Release|Any CPU.Build.0 = Release|Any CPU
		{29D4813F-3898-40AA-8868-CEF5B967D685}.Debug|Any CPU.ActiveCfg = Debug|Any CPU
		{29D4813F-3898-40AA-8868-CEF5B967D685}.Debug|Any CPU.Build.0 = Debug|Any CPU
		{29D4813F-3898-40AA-8868-CEF5B967D685}.Release|Any CPU.ActiveCfg = Release|Any CPU
		{29D4813F-3898-40AA-8868-CEF5B967D685}.Release|Any CPU.Build.0 = Release|Any CPU
		{DE8531E2-A246-47A3-99D7-6F664DF061C5}.Debug|Any CPU.ActiveCfg = Debug|Any CPU
		{DE8531E2-A246-47A3-99D7-6F664DF061C5}.Debug|Any CPU.Build.0 = Debug|Any CPU
		{DE8531E2-A246-47A3-99D7-6F664DF061C5}.Release|Any CPU.ActiveCfg = Release|Any CPU
		{DE8531E2-A246-47A3-99D7-6F664DF061C5}.Release|Any CPU.Build.0 = Release|Any CPU
		{0289E895-B13E-4782-A2F9-07603ED591BC}.Debug|Any CPU.ActiveCfg = Debug|Any CPU
		{0289E895-B13E-4782-A2F9-07603ED591BC}.Debug|Any CPU.Build.0 = Debug|Any CPU
		{0289E895-B13E-4782-A2F9-07603ED591BC}.Release|Any CPU.ActiveCfg = Release|Any CPU
		{0289E895-B13E-4782-A2F9-07603ED591BC}.Release|Any CPU.Build.0 = Release|Any CPU
		{4FF139D2-469A-4C6A-9331-A923D4946FF9}.Debug|Any CPU.ActiveCfg = Debug|Any CPU
		{4FF139D2-469A-4C6A-9331-A923D4946FF9}.Debug|Any CPU.Build.0 = Debug|Any CPU
		{4FF139D2-469A-4C6A-9331-A923D4946FF9}.Release|Any CPU.ActiveCfg = Release|Any CPU
		{4FF139D2-469A-4C6A-9331-A923D4946FF9}.Release|Any CPU.Build.0 = Release|Any CPU
	EndGlobalSection
	GlobalSection(SolutionProperties) = preSolution
		HideSolutionNode = FALSE
	EndGlobalSection
	GlobalSection(NestedProjects) = preSolution
		{7F1356BB-9864-4909-98A9-A7581CA70FC7} = {B24F2EC6-54AB-43C3-88A7-C1455E9A3682}
		{29D4813F-3898-40AA-8868-CEF5B967D685} = {6A71682D-00F0-4C7A-9F03-D79C7AE47788}
		{DE8531E2-A246-47A3-99D7-6F664DF061C5} = {028909F2-8621-499A-A861-D176179F94DE}
		{0289E895-B13E-4782-A2F9-07603ED591BC} = {B24F2EC6-54AB-43C3-88A7-C1455E9A3682}
		{4FF139D2-469A-4C6A-9331-A923D4946FF9} = {B24F2EC6-54AB-43C3-88A7-C1455E9A3682}
	EndGlobalSection
	GlobalSection(ExtensibilityGlobals) = postSolution
		SolutionGuid = {7CC8B047-78BD-42E8-91A5-7C8181BA0DD6}
	EndGlobalSection
EndGlobal
